<?xml version="1.0" encoding="utf-8"?>
<Project ToolsVersion="4.0" xmlns="http://schemas.microsoft.com/developer/msbuild/2003">
  <ItemGroup>
    <ClCompile Include="src\ofApp.cpp">
      <Filter>src</Filter>
    </ClCompile>
    <ClCompile Include="src\main.cpp">
      <Filter>src</Filter>
    </ClCompile>
    <ClCompile Include="src\GameSetting\AppSetting.cpp">
      <Filter>src\GameSetting</Filter>
    </ClCompile>
    <ClCompile Include="src\Scene\MusicSelect.cpp">
      <Filter>src\Scene</Filter>
    </ClCompile>
    <ClCompile Include="src\Scene\EntryScene.cpp">
      <Filter>src\Scene</Filter>
    </ClCompile>
    <ClCompile Include="src\Scene\InitializeScene.cpp">
      <Filter>src\Scene</Filter>
    </ClCompile>
    <ClCompile Include="src\Shader\ofxBlurShader.cpp">
      <Filter>src\Shader</Filter>
    </ClCompile>
    <ClCompile Include="src\extension\ofBackgroundPlayer.cpp">
      <Filter>src\extensions</Filter>
    </ClCompile>
    <ClCompile Include="src\extension\ofSelectSlider.cpp">
      <Filter>src\extensions</Filter>
    </ClCompile>
  </ItemGroup>
  <ItemGroup>
    <Filter Include="src">
      <UniqueIdentifier>{d8376475-7454-4a24-b08a-aac121d3ad6f}</UniqueIdentifier>
    </Filter>
    <Filter Include="src\GameSetting">
      <UniqueIdentifier>{7F66C457-0EF6-E094-E4A9-8BE4}</UniqueIdentifier>
    </Filter>
    <Filter Include="src\Scene">
      <UniqueIdentifier>{A02AE993-DEC1-492D-B45F-C2B2}</UniqueIdentifier>
    </Filter>
    <Filter Include="src\Shader">
      <UniqueIdentifier>{700189d3-779e-46a4-973f-896ad10984ac}</UniqueIdentifier>
    </Filter>
    <Filter Include="src\extensions">
      <UniqueIdentifier>{5a59ce36-cb1a-4f75-8570-93a6c5118ec7}</UniqueIdentifier>
    </Filter>
  </ItemGroup>
  <ItemGroup>
    <ClInclude Include="src\ofApp.h">
      <Filter>src</Filter>
    </ClInclude>
    <ClInclude Include="src\GameSetting\AppSetting.h">
      <Filter>src\GameSetting</Filter>
    </ClInclude>
    <ClInclude Include="src\configuration.h">
      <Filter>src</Filter>
    </ClInclude>
    <ClInclude Include="src\Scene\EntryScene.h">
      <Filter>src\Scene</Filter>
    </ClInclude>
    <ClInclude Include="src\Scene\MusicSelect.h">
      <Filter>src\Scene</Filter>
    </ClInclude>
    <ClInclude Include="src\Scene.h">
      <Filter>src</Filter>
    </ClInclude>
    <ClInclude Include="src\Scene\InitializeScene.h">
      <Filter>src\Scene</Filter>
    </ClInclude>
    <ClInclude Include="src\Shader\ofxBlurShader.h">
      <Filter>src\Shader</Filter>
    </ClInclude>
    <ClInclude Include="src\extension\ofBackgroundPlayer.h">
      <Filter>src\extensions</Filter>
    </ClInclude>
    <ClInclude Include="src\extension\ofSelectSlider.h">
      <Filter>src\extensions</Filter>
    </ClInclude>
    <ClInclude Include="src\extension\Extensions.h">
      <Filter>src\extensions</Filter>
    </ClInclude>
  </ItemGroup>
  <ItemGroup>
    <ResourceCompile Include="icon.rc" />
  </ItemGroup>
</Project>